
Microsoft Visual Studio Solution File, Format Version 12.00
# Visual Studio 15
VisualStudioVersion = 15.0.28307.329
MinimumVisualStudioVersion = 10.0.40219.1
Project("{FAE04EC0-301F-11D3-BF4B-00C04F79EFBC}") = "TrabalhoFinalFilomena", "TrabalhoFinalFilomena\TrabalhoFinalFilomena.csproj", "{748CF264-291D-460E-A9F5-782CD0E23F64}"
EndProject
Global
	GlobalSection(SolutionConfigurationPlatforms) = preSolution
		Debug|Any CPU = Debug|Any CPU
		Release|Any CPU = Release|Any CPU
	EndGlobalSection
	GlobalSection(ProjectConfigurationPlatforms) = postSolution
		{748CF264-291D-460E-A9F5-782CD0E23F64}.Debug|Any CPU.ActiveCfg = Debug|Any CPU
		{748CF264-291D-460E-A9F5-782CD0E23F64}.Debug|Any CPU.Build.0 = Debug|Any CPU
		{748CF264-291D-460E-A9F5-782CD0E23F64}.Release|Any CPU.ActiveCfg = Release|Any CPU
		{748CF264-291D-460E-A9F5-782CD0E23F64}.Release|Any CPU.Build.0 = Release|Any CPU
	EndGlobalSection
	GlobalSection(SolutionProperties) = preSolution
		HideSolutionNode = FALSE
	EndGlobalSection
	GlobalSection(ExtensibilityGlobals) = postSolution
		SolutionGuid = {4993964D-DC37-40EE-8BEF-EC74664F0F40}
	EndGlobalSection
EndGlobal
